PODS:
  - Flutter (1.0.0)
  - flutter_payoo_vn (0.0.1):
    - Flutter

DEPENDENCIES:
  - Flutter (from `Flutter`)
  - flutter_payoo_vn (from `.symlinks/plugins/flutter_payoo_vn/ios`)

EXTERNAL SOURCES:
  Flutter:
    :path: Flutter
  flutter_payoo_vn:
    :path: ".symlinks/plugins/flutter_payoo_vn/ios"

SPEC CHECKSUMS:
  Flutter: 434fef37c0980e73bb6479ef766c45957d4b510c
  flutter_payoo_vn: 054b54f264864d6f31330776ca48c311f53b13bc

PODFILE CHECKSUM: ffd7293eb7d5907b54a367fd400872baeef513a5

COCOAPODS: 1.10.1
